
Microsoft Visual Studio Solution File, Format Version 12.00
# Visual Studio Version 16
VisualStudioVersion = 16.0.30717.126
MinimumVisualStudioVersion = 10.0.40219.1
Project("{FAE04EC0-301F-11D3-BF4B-00C04F79EFBC}") = "CSE Courses Viewer.UWP", "CSE Courses Viewer\CSE Courses Viewer.UWP\CSE Courses Viewer.UWP.csproj", "{34F8CCB1-5363-44BD-8AA1-375635134021}"
EndProject
Project("{FAE04EC0-301F-11D3-BF4B-00C04F79EFBC}") = "CSE Courses Viewer.Android", "CSE Courses Viewer\CSE Courses Viewer.Android\CSE Courses Viewer.Android.csproj", "{52CA40A2-7BEE-4394-918B-5B605197BD95}"
EndProject
Project("{FAE04EC0-301F-11D3-BF4B-00C04F79EFBC}") = "CSE Courses Viewer.iOS", "CSE Courses Viewer\CSE Courses Viewer.iOS\CSE Courses Viewer.iOS.csproj", "{43E77D81-95D5-4E79-BB3F-D87DD0B50AC9}"
EndProject
Project("{FAE04EC0-301F-11D3-BF4B-00C04F79EFBC}") = "CSE Courses Viewer", "CSE Courses Viewer\CSE Courses Viewer\CSE Courses Viewer.csproj", "{BDC5040C-7249-4A5A-9028-BF2896E435AD}"
EndProject
Global
	GlobalSection(SolutionConfigurationPlatforms) = preSolution
		Debug|Any CPU = Debug|Any CPU
		Debug|ARM = Debug|ARM
		Debug|iPhone = Debug|iPhone
		Debug|iPhoneSimulator = Debug|iPhoneSimulator
		Debug|x64 = Debug|x64
		Debug|x86 = Debug|x86
		Release|Any CPU = Release|Any CPU
		Release|ARM = Release|ARM
		Release|iPhone = Release|iPhone
		Release|iPhoneSimulator = Release|iPhoneSimulator
		Release|x64 = Release|x64
		Release|x86 = Release|x86
	EndGlobalSection
	GlobalSection(ProjectConfigurationPlatforms) = postSolution
		{34F8CCB1-5363-44BD-8AA1-375635134021}.Debug|Any CPU.ActiveCfg = Debug|x86
		{34F8CCB1-5363-44BD-8AA1-375635134021}.Debug|Any CPU.Build.0 = Debug|x86
		{34F8CCB1-5363-44BD-8AA1-375635134021}.Debug|Any CPU.Deploy.0 = Debug|x86
		{34F8CCB1-5363-44BD-8AA1-375635134021}.Debug|ARM.ActiveCfg = Debug|ARM
		{34F8CCB1-5363-44BD-8AA1-375635134021}.Debug|ARM.Build.0 = Debug|ARM
		{34F8CCB1-5363-44BD-8AA1-375635134021}.Debug|ARM.Deploy.0 = Debug|ARM
		{34F8CCB1-5363-44BD-8AA1-375635134021}.Debug|iPhone.ActiveCfg = Debug|x86
		{34F8CCB1-5363-44BD-8AA1-375635134021}.Debug|iPhone.Build.0 = Debug|x86
		{34F8CCB1-5363-44BD-8AA1-375635134021}.Debug|iPhone.Deploy.0 = Debug|x86
		{34F8CCB1-5363-44BD-8AA1-375635134021}.Debug|iPhoneSimulator.ActiveCfg = Debug|x86
		{34F8CCB1-5363-44BD-8AA1-375635134021}.Debug|iPhoneSimulator.Build.0 = Debug|x86
		{34F8CCB1-5363-44BD-8AA1-375635134021}.Debug|iPhoneSimulator.Deploy.0 = Debug|x86
		{34F8CCB1-5363-44BD-8AA1-375635134021}.Debug|x64.ActiveCfg = Debug|x64
		{34F8CCB1-5363-44BD-8AA1-375635134021}.Debug|x64.Build.0 = Debug|x64
		{34F8CCB1-5363-44BD-8AA1-375635134021}.Debug|x64.Deploy.0 = Debug|x64
		{34F8CCB1-5363-44BD-8AA1-375635134021}.Debug|x86.ActiveCfg = Debug|x86
		{34F8CCB1-5363-44BD-8AA1-375635134021}.Debug|x86.Build.0 = Debug|x86
		{34F8CCB1-5363-44BD-8AA1-375635134021}.Debug|x86.Deploy.0 = Debug|x86
		{34F8CCB1-5363-44BD-8AA1-375635134021}.Release|Any CPU.ActiveCfg = Release|x86
		{34F8CCB1-5363-44BD-8AA1-375635134021}.Release|Any CPU.Build.0 = Release|x86
		{34F8CCB1-5363-44BD-8AA1-375635134021}.Release|Any CPU.Deploy.0 = Release|x86
		{34F8CCB1-5363-44BD-8AA1-375635134021}.Release|ARM.ActiveCfg = Release|ARM
		{34F8CCB1-5363-44BD-8AA1-375635134021}.Release|ARM.Build.0 = Release|ARM
		{34F8CCB1-5363-44BD-8AA1-375635134021}.Release|ARM.Deploy.0 = Release|ARM
		{34F8CCB1-5363-44BD-8AA1-375635134021}.Release|iPhone.ActiveCfg = Release|x86
		{34F8CCB1-5363-44BD-8AA1-375635134021}.Release|iPhone.Build.0 = Release|x86
		{34F8CCB1-5363-44BD-8AA1-375635134021}.Release|iPhone.Deploy.0 = Release|x86
		{34F8CCB1-5363-44BD-8AA1-375635134021}.Release|iPhoneSimulator.ActiveCfg = Release|x86
		{34F8CCB1-5363-44BD-8AA1-375635134021}.Release|iPhoneSimulator.Build.0 = Release|x86
		{34F8CCB1-5363-44BD-8AA1-375635134021}.Release|iPhoneSimulator.Deploy.0 = Release|x86
		{34F8CCB1-5363-44BD-8AA1-375635134021}.Release|x64.ActiveCfg = Release|x64
		{34F8CCB1-5363-44BD-8AA1-375635134021}.Release|x64.Build.0 = Release|x64
		{34F8CCB1-5363-44BD-8AA1-375635134021}.Release|x64.Deploy.0 = Release|x64
		{34F8CCB1-5363-44BD-8AA1-375635134021}.Release|x86.ActiveCfg = Release|x86
		{34F8CCB1-5363-44BD-8AA1-375635134021}.Release|x86.Build.0 = Release|x86
		{34F8CCB1-5363-44BD-8AA1-375635134021}.Release|x86.Deploy.0 = Release|x86
		{52CA40A2-7BEE-4394-918B-5B605197BD95}.Debug|Any CPU.ActiveCfg = Debug|Any CPU
		{52CA40A2-7BEE-4394-918B-5B605197BD95}.Debug|Any CPU.Build.0 = Debug|Any CPU
		{52CA40A2-7BEE-4394-918B-5B605197BD95}.Debug|Any CPU.Deploy.0 = Debug|Any CPU
		{52CA40A2-7BEE-4394-918B-5B605197BD95}.Debug|ARM.ActiveCfg = Debug|Any CPU
		{52CA40A2-7BEE-4394-918B-5B605197BD95}.Debug|ARM.Build.0 = Debug|Any CPU
		{52CA40A2-7BEE-4394-918B-5B605197BD95}.Debug|ARM.Deploy.0 = Debug|Any CPU
		{52CA40A2-7BEE-4394-918B-5B605197BD95}.Debug|iPhone.ActiveCfg = Debug|Any CPU
		{52CA40A2-7BEE-4394-918B-5B605197BD95}.Debug|iPhone.Build.0 = Debug|Any CPU
		{52CA40A2-7BEE-4394-918B-5B605197BD95}.Debug|iPhone.Deploy.0 = Debug|Any CPU
		{52CA40A2-7BEE-4394-918B-5B605197BD95}.Debug|iPhoneSimulator.ActiveCfg = Debug|Any CPU
		{52CA40A2-7BEE-4394-918B-5B605197BD95}.Debug|iPhoneSimulator.Build.0 = Debug|Any CPU
		{52CA40A2-7BEE-4394-918B-5B605197BD95}.Debug|iPhoneSimulator.Deploy.0 = Debug|Any CPU
		{52CA40A2-7BEE-4394-918B-5B605197BD95}.Debug|x64.ActiveCfg = Debug|Any CPU
		{52CA40A2-7BEE-4394-918B-5B605197BD95}.Debug|x64.Build.0 = Debug|Any CPU
		{52CA40A2-7BEE-4394-918B-5B605197BD95}.Debug|x64.Deploy.0 = Debug|Any CPU
		{52CA40A2-7BEE-4394-918B-5B605197BD95}.Debug|x86.ActiveCfg = Debug|Any CPU
		{52CA40A2-7BEE-4394-918B-5B605197BD95}.Debug|x86.Build.0 = Debug|Any CPU
		{52CA40A2-7BEE-4394-918B-5B605197BD95}.Debug|x86.Deploy.0 = Debug|Any CPU
		{52CA40A2-7BEE-4394-918B-5B605197BD95}.Release|Any CPU.ActiveCfg = Release|Any CPU
		{52CA40A2-7BEE-4394-918B-5B605197BD95}.Release|Any CPU.Build.0 = Release|Any CPU
		{52CA40A2-7BEE-4394-918B-5B605197BD95}.Release|Any CPU.Deploy.0 = Release|Any CPU
		{52CA40A2-7BEE-4394-918B-5B605197BD95}.Release|ARM.ActiveCfg = Release|Any CPU
		{52CA40A2-7BEE-4394-918B-5B605197BD95}.Release|ARM.Build.0 = Release|Any CPU
		{52CA40A2-7BEE-4394-918B-5B605197BD95}.Release|ARM.Deploy.0 = Release|Any CPU
		{52CA40A2-7BEE-4394-918B-5B605197BD95}.Release|iPhone.ActiveCfg = Release|Any CPU
		{52CA40A2-7BEE-4394-918B-5B605197BD95}.Release|iPhone.Build.0 = Release|Any CPU
		{52CA40A2-7BEE-4394-918B-5B605197BD95}.Release|iPhone.Deploy.0 = Release|Any CPU
		{52CA40A2-7BEE-4394-918B-5B605197BD95}.Release|iPhoneSimulator.ActiveCfg = Release|Any CPU
		{52CA40A2-7BEE-4394-918B-5B605197BD95}.Release|iPhoneSimulator.Build.0 = Release|Any CPU
		{52CA40A2-7BEE-4394-918B-5B605197BD95}.Release|iPhoneSimulator.Deploy.0 = Release|Any CPU
		{52CA40A2-7BEE-4394-918B-5B605197BD95}.Release|x64.ActiveCfg = Release|Any CPU
		{52CA40A2-7BEE-4394-918B-5B605197BD95}.Release|x64.Build.0 = Release|Any CPU
		{52CA40A2-7BEE-4394-918B-5B605197BD95}.Release|x64.Deploy.0 = Release|Any CPU
		{52CA40A2-7BEE-4394-918B-5B605197BD95}.Release|x86.ActiveCfg = Release|Any CPU
		{52CA40A2-7BEE-4394-918B-5B605197BD95}.Release|x86.Build.0 = Release|Any CPU
		{52CA40A2-7BEE-4394-918B-5B605197BD95}.Release|x86.Deploy.0 = Release|Any CPU
		{43E77D81-95D5-4E79-BB3F-D87DD0B50AC9}.Debug|Any CPU.ActiveCfg = Debug|iPhoneSimulator
		{43E77D81-95D5-4E79-BB3F-D87DD0B50AC9}.Debug|Any CPU.Build.0 = Debug|iPhoneSimulator
		{43E77D81-95D5-4E79-BB3F-D87DD0B50AC9}.Debug|Any CPU.Deploy.0 = Debug|iPhoneSimulator
		{43E77D81-95D5-4E79-BB3F-D87DD0B50AC9}.Debug|ARM.ActiveCfg = Debug|iPhone
		{43E77D81-95D5-4E79-BB3F-D87DD0B50AC9}.Debug|ARM.Build.0 = Debug|iPhone
		{43E77D81-95D5-4E79-BB3F-D87DD0B50AC9}.Debug|ARM.Deploy.0 = Debug|iPhone
		{43E77D81-95D5-4E79-BB3F-D87DD0B50AC9}.Debug|iPhone.ActiveCfg = Debug|iPhone
		{43E77D81-95D5-4E79-BB3F-D87DD0B50AC9}.Debug|iPhone.Build.0 = Debug|iPhone
		{43E77D81-95D5-4E79-BB3F-D87DD0B50AC9}.Debug|iPhone.Deploy.0 = Debug|iPhone
		{43E77D81-95D5-4E79-BB3F-D87DD0B50AC9}.Debug|iPhoneSimulator.ActiveCfg = Debug|iPhoneSimulator
		{43E77D81-95D5-4E79-BB3F-D87DD0B50AC9}.Debug|iPhoneSimulator.Build.0 = Debug|iPhoneSimulator
		{43E77D81-95D5-4E79-BB3F-D87DD0B50AC9}.Debug|iPhoneSimulator.Deploy.0 = Debug|iPhoneSimulator
		{43E77D81-95D5-4E79-BB3F-D87DD0B50AC9}.Debug|x64.ActiveCfg = Debug|iPhoneSimulator
		{43E77D81-95D5-4E79-BB3F-D87DD0B50AC9}.Debug|x64.Build.0 = Debug|iPhoneSimulator
		{43E77D81-95D5-4E79-BB3F-D87DD0B50AC9}.Debug|x64.Deploy.0 = Debug|iPhoneSimulator
		{43E77D81-95D5-4E79-BB3F-D87DD0B50AC9}.Debug|x86.ActiveCfg = Debug|iPhoneSimulator
		{43E77D81-95D5-4E79-BB3F-D87DD0B50AC9}.Debug|x86.Build.0 = Debug|iPhoneSimulator
		{43E77D81-95D5-4E79-BB3F-D87DD0B50AC9}.Debug|x86.Deploy.0 = Debug|iPhoneSimulator
		{43E77D81-95D5-4E79-BB3F-D87DD0B50AC9}.Release|Any CPU.ActiveCfg = Release|iPhoneSimulator
		{43E77D81-95D5-4E79-BB3F-D87DD0B50AC9}.Release|Any CPU.Build.0 = Release|iPhoneSimulator
		{43E77D81-95D5-4E79-BB3F-D87DD0B50AC9}.Release|Any CPU.Deploy.0 = Release|iPhoneSimulator
		{43E77D81-95D5-4E79-BB3F-D87DD0B50AC9}.Release|ARM.ActiveCfg = Release|iPhoneSimulator
		{43E77D81-95D5-4E79-BB3F-D87DD0B50AC9}.Release|ARM.Build.0 = Release|iPhoneSimulator
		{43E77D81-95D5-4E79-BB3F-D87DD0B50AC9}.Release|ARM.Deploy.0 = Release|iPhoneSimulator
		{43E77D81-95D5-4E79-BB3F-D87DD0B50AC9}.Release|iPhone.ActiveCfg = Release|iPhone
		{43E77D81-95D5-4E79-BB3F-D87DD0B50AC9}.Release|iPhone.Build.0 = Release|iPhone
		{43E77D81-95D5-4E79-BB3F-D87DD0B50AC9}.Release|iPhone.Deploy.0 = Release|iPhone
		{43E77D81-95D5-4E79-BB3F-D87DD0B50AC9}.Release|iPhoneSimulator.ActiveCfg = Release|iPhoneSimulator
		{43E77D81-95D5-4E79-BB3F-D87DD0B50AC9}.Release|iPhoneSimulator.Build.0 = Release|iPhoneSimulator
		{43E77D81-95D5-4E79-BB3F-D87DD0B50AC9}.Release|iPhoneSimulator.Deploy.0 = Release|iPhoneSimulator
		{43E77D81-95D5-4E79-BB3F-D87DD0B50AC9}.Release|x64.ActiveCfg = Release|iPhoneSimulator
		{43E77D81-95D5-4E79-BB3F-D87DD0B50AC9}.Release|x64.Build.0 = Release|iPhoneSimulator
		{43E77D81-95D5-4E79-BB3F-D87DD0B50AC9}.Release|x64.Deploy.0 = Release|iPhoneSimulator
		{43E77D81-95D5-4E79-BB3F-D87DD0B50AC9}.Release|x86.ActiveCfg = Release|iPhoneSimulator
		{43E77D81-95D5-4E79-BB3F-D87DD0B50AC9}.Release|x86.Build.0 = Release|iPhoneSimulator
		{43E77D81-95D5-4E79-BB3F-D87DD0B50AC9}.Release|x86.Deploy.0 = Release|iPhoneSimulator
		{BDC5040C-7249-4A5A-9028-BF2896E435AD}.Debug|Any CPU.ActiveCfg = Debug|Any CPU
		{BDC5040C-7249-4A5A-9028-BF2896E435AD}.Debug|Any CPU.Build.0 = Debug|Any CPU
		{BDC5040C-7249-4A5A-9028-BF2896E435AD}.Debug|Any CPU.Deploy.0 = Debug|Any CPU
		{BDC5040C-7249-4A5A-9028-BF2896E435AD}.Debug|ARM.ActiveCfg = Debug|Any CPU
		{BDC5040C-7249-4A5A-9028-BF2896E435AD}.Debug|ARM.Build.0 = Debug|Any CPU
		{BDC5040C-7249-4A5A-9028-BF2896E435AD}.Debug|ARM.Deploy.0 = Debug|Any CPU
		{BDC5040C-7249-4A5A-9028-BF2896E435AD}.Debug|iPhone.ActiveCfg = Debug|Any CPU
		{BDC5040C-7249-4A5A-9028-BF2896E435AD}.Debug|iPhone.Build.0 = Debug|Any CPU
		{BDC5040C-7249-4A5A-9028-BF2896E435AD}.Debug|iPhone.Deploy.0 = Debug|Any CPU
		{BDC5040C-7249-4A5A-9028-BF2896E435AD}.Debug|iPhoneSimulator.ActiveCfg = Debug|Any CPU
		{BDC5040C-7249-4A5A-9028-BF2896E435AD}.Debug|iPhoneSimulator.Build.0 = Debug|Any CPU
		{BDC5040C-7249-4A5A-9028-BF2896E435AD}.Debug|iPhoneSimulator.Deploy.0 = Debug|Any CPU
		{BDC5040C-7249-4A5A-9028-BF2896E435AD}.Debug|x64.ActiveCfg = Debug|Any CPU
		{BDC5040C-7249-4A5A-9028-BF2896E435AD}.Debug|x64.Build.0 = Debug|Any CPU
		{BDC5040C-7249-4A5A-9028-BF2896E435AD}.Debug|x64.Deploy.0 = Debug|Any CPU
		{BDC5040C-7249-4A5A-9028-BF2896E435AD}.Debug|x86.ActiveCfg = Debug|Any CPU
		{BDC5040C-7249-4A5A-9028-BF2896E435AD}.Debug|x86.Build.0 = Debug|Any CPU
		{BDC5040C-7249-4A5A-9028-BF2896E435AD}.Debug|x86.Deploy.0 = Debug|Any CPU
		{BDC5040C-7249-4A5A-9028-BF2896E435AD}.Release|Any CPU.ActiveCfg = Release|Any CPU
		{BDC5040C-7249-4A5A-9028-BF2896E435AD}.Release|Any CPU.Build.0 = Release|Any CPU
		{BDC5040C-7249-4A5A-9028-BF2896E435AD}.Release|Any CPU.Deploy.0 = Release|Any CPU
		{BDC5040C-7249-4A5A-9028-BF2896E435AD}.Release|ARM.ActiveCfg = Release|Any CPU
		{BDC5040C-7249-4A5A-9028-BF2896E435AD}.Release|ARM.Build.0 = Release|Any CPU
		{BDC5040C-7249-4A5A-9028-BF2896E435AD}.Release|ARM.Deploy.0 = Release|Any CPU
		{BDC5040C-7249-4A5A-9028-BF2896E435AD}.Release|iPhone.ActiveCfg = Release|Any CPU
		{BDC5040C-7249-4A5A-9028-BF2896E435AD}.Release|iPhone.Build.0 = Release|Any CPU
		{BDC5040C-7249-4A5A-9028-BF2896E435AD}.Release|iPhone.Deploy.0 = Release|Any CPU
		{BDC5040C-7249-4A5A-9028-BF2896E435AD}.Release|iPhoneSimulator.ActiveCfg = Release|Any CPU
		{BDC5040C-7249-4A5A-9028-BF2896E435AD}.Release|iPhoneSimulator.Build.0 = Release|Any CPU
		{BDC5040C-7249-4A5A-9028-BF2896E435AD}.Release|iPhoneSimulator.Deploy.0 = Release|Any CPU
		{BDC5040C-7249-4A5A-9028-BF2896E435AD}.Release|x64.ActiveCfg = Release|Any CPU
		{BDC5040C-7249-4A5A-9028-BF2896E435AD}.Release|x64.Build.0 = Release|Any CPU
		{BDC5040C-7249-4A5A-9028-BF2896E435AD}.Release|x64.Deploy.0 = Release|Any CPU
		{BDC5040C-7249-4A5A-9028-BF2896E435AD}.Release|x86.ActiveCfg = Release|Any CPU
		{BDC5040C-7249-4A5A-9028-BF2896E435AD}.Release|x86.Build.0 = Release|Any CPU
		{BDC5040C-7249-4A5A-9028-BF2896E435AD}.Release|x86.Deploy.0 = Release|Any CPU
	EndGlobalSection
	GlobalSection(SolutionProperties) = preSolution
		HideSolutionNode = FALSE
	EndGlobalSection
	GlobalSection(ExtensibilityGlobals) = postSolution
		SolutionGuid = {FFA9A7F4-73CC-4F0D-8435-38B1A427D695}
	EndGlobalSection
EndGlobal
